
Microsoft Visual Studio Solution File, Format Version 12.00
# Visual Studio Version 17
VisualStudioVersion = 17.3.32825.248
MinimumVisualStudioVersion = 10.0.40219.1
Project("{FAE04EC0-301F-11D3-BF4B-00C04F79EFBC}") = "MvcLearn", "MvcLearn.csproj", "{6DF7395A-CDDF-4121-8A31-D4949F0ACB07}"
EndProject
Global
	GlobalSection(SolutionConfigurationPlatforms) = preSolution
		Debug|Any CPU = Debug|Any CPU
		Release|Any CPU = Release|Any CPU
	EndGlobalSection
	GlobalSection(ProjectConfigurationPlatforms) = postSolution
		{6DF7395A-CDDF-4121-8A31-D4949F0ACB07}.Debug|Any CPU.ActiveCfg = Debug|Any CPU
		{6DF7395A-CDDF-4121-8A31-D4949F0ACB07}.Debug|Any CPU.Build.0 = Debug|Any CPU
		{6DF7395A-CDDF-4121-8A31-D4949F0ACB07}.Release|Any CPU.ActiveCfg = Release|Any CPU
		{6DF7395A-CDDF-4121-8A31-D4949F0ACB07}.Release|Any CPU.Build.0 = Release|Any CPU
	EndGlobalSection
	GlobalSection(SolutionProperties) = preSolution
		HideSolutionNode = FALSE
	EndGlobalSection
	GlobalSection(ExtensibilityGlobals) = postSolution
		SolutionGuid = {AE95699C-47BC-4FBF-9158-EA41FB60B32A}
	EndGlobalSection
EndGlobal
